{
  "name": "zimekalekslabjs",
  "version": "1.0.0",
  "lockfileVersion": 3,
  "requires": true,
  "packages": {
    "": {
      "name": "zimekalekslabjs",
      "version": "1.0.0",
      "license": "ISC",
      "dependencies": {
        "color-parse": "^2.0.2",
        "is-string-blank": "^1.0.1",
        "strip-ansi": "^7.1.2"
      }
    },
    "node_modules/ansi-regex": {
      "version": "6.2.2",
      "resolved": "https://registry.npmjs.org/ansi-regex/-/ansi-regex-6.2.2.tgz",
      "integrity": "sha512-Bq3SmSpyFHaWjPk8If9yc6svM8c56dB5BAtW4Qbw5jHTwwXXcTLoRMkpDJp6VL0XzlWaCHTXrkFURMYmD0sLqg==",
      "license": "MIT",
      "engines": {
        "node": ">=12"
      },
      "funding": {
        "url": "https://github.com/chalk/ansi-regex?sponsor=1"
      }
    },
    "node_modules/color-name": {
      "version": "2.0.2",
      "resolved": "https://registry.npmjs.org/color-name/-/color-name-2.0.2.tgz",
      "integrity": "sha512-9vEt7gE16EW7Eu7pvZnR0abW9z6ufzhXxGXZEVU9IqPdlsUiMwJeJfRtq0zePUmnbHGT9zajca7mX8zgoayo4A==",
      "license": "MIT",
      "engines": {
        "node": ">=12.20"
      }
    },
    "node_modules/color-parse": {
      "version": "2.0.2",
      "resolved": "https://registry.npmjs.org/color-parse/-/color-parse-2.0.2.tgz",
      "integrity": "sha512-eCtOz5w5ttWIUcaKLiktF+DxZO1R9KLNY/xhbV6CkhM7sR3GhVghmt6X6yOnzeaM24po+Z9/S1apbXMwA3Iepw==",
      "license": "MIT",
      "dependencies": {
        "color-name": "^2.0.0"
      }
    },
    "node_modules/is-string-blank": {
      "version": "1.0.1",
      "resolved": "https://registry.npmjs.org/is-string-blank/-/is-string-blank-1.0.1.tgz",
      "integrity": "sha512-9H+ZBCVs3L9OYqv8nuUAzpcT9OTgMD1yAWrG7ihlnibdkbtB850heAmYWxHuXc4CHy4lKeK69tN+ny1K7gBIrw==",
      "license": "MIT"
    },
    "node_modules/strip-ansi": {
      "version": "7.1.2",
      "resolved": "https://registry.npmjs.org/strip-ansi/-/strip-ansi-7.1.2.tgz",
      "integrity": "sha512-gmBGslpoQJtgnMAvOVqGZpEz9dyoKTCzy2nfz/n8aIFhN/jCE/rCmcxabB6jOOHV+0WNnylOxaxBQPSvcWklhA==",
      "license": "MIT",
      "dependencies": {
        "ansi-regex": "^6.0.1"
      },
      "engines": {
        "node": ">=12"
      },
      "funding": {
        "url": "https://github.com/chalk/strip-ansi?sponsor=1"
      }
    }
  }
}
